
Microsoft Visual Studio Solution File, Format Version 12.00
# Visual Studio Version 17
VisualStudioVersion = 17.0.31903.59
MinimumVisualStudioVersion = 10.0.40219.1
Project("{2150E333-8FDC-42A3-9474-1A3956D46DE8}") = "src", "src", "{57C1F883-7A7B-46F3-A51E-D9497ADEA419}"
EndProject
Project("{FAE04EC0-301F-11D3-BF4B-00C04F79EFBC}") = "ArgonGuard.Passwords", "src\ArgonGuard.Passwords\ArgonGuard.Passwords.csproj", "{5B93F941-76E8-4476-8354-6DFC64368E33}"
EndProject
Project("{2150E333-8FDC-42A3-9474-1A3956D46DE8}") = "tests", "tests", "{D79A9DF7-7279-42CD-B160-B0DBC6BA6D8C}"
EndProject
Project("{FAE04EC0-301F-11D3-BF4B-00C04F79EFBC}") = "ArgonGuard.Passwords.Tests", "tests\ArgonGuard.Passwords.Tests\ArgonGuard.Passwords.Tests.csproj", "{02937498-50A0-46FE-963D-7B5ABB8E26C1}"
EndProject
Project("{2150E333-8FDC-42A3-9474-1A3956D46DE8}") = "tools", "tools", "{EB6D4749-5879-42EE-B25A-90DAEED8386C}"
EndProject
Project("{FAE04EC0-301F-11D3-BF4B-00C04F79EFBC}") = "Harness", "tools\Harness\Harness.csproj", "{DC2325E1-639F-4721-96EF-A702E92DA203}"
EndProject
Global
	GlobalSection(SolutionConfigurationPlatforms) = preSolution
		Debug|Any CPU = Debug|Any CPU
		Release|Any CPU = Release|Any CPU
	EndGlobalSection
	GlobalSection(SolutionProperties) = preSolution
		HideSolutionNode = FALSE
	EndGlobalSection
	GlobalSection(ProjectConfigurationPlatforms) = postSolution
		{5B93F941-76E8-4476-8354-6DFC64368E33}.Debug|Any CPU.ActiveCfg = Debug|Any CPU
		{5B93F941-76E8-4476-8354-6DFC64368E33}.Debug|Any CPU.Build.0 = Debug|Any CPU
		{5B93F941-76E8-4476-8354-6DFC64368E33}.Release|Any CPU.ActiveCfg = Release|Any CPU
		{5B93F941-76E8-4476-8354-6DFC64368E33}.Release|Any CPU.Build.0 = Release|Any CPU
		{02937498-50A0-46FE-963D-7B5ABB8E26C1}.Debug|Any CPU.ActiveCfg = Debug|Any CPU
		{02937498-50A0-46FE-963D-7B5ABB8E26C1}.Debug|Any CPU.Build.0 = Debug|Any CPU
		{02937498-50A0-46FE-963D-7B5ABB8E26C1}.Release|Any CPU.ActiveCfg = Release|Any CPU
		{02937498-50A0-46FE-963D-7B5ABB8E26C1}.Release|Any CPU.Build.0 = Release|Any CPU
		{DC2325E1-639F-4721-96EF-A702E92DA203}.Debug|Any CPU.ActiveCfg = Debug|Any CPU
		{DC2325E1-639F-4721-96EF-A702E92DA203}.Debug|Any CPU.Build.0 = Debug|Any CPU
		{DC2325E1-639F-4721-96EF-A702E92DA203}.Release|Any CPU.ActiveCfg = Release|Any CPU
		{DC2325E1-639F-4721-96EF-A702E92DA203}.Release|Any CPU.Build.0 = Release|Any CPU
	EndGlobalSection
	GlobalSection(NestedProjects) = preSolution
		{5B93F941-76E8-4476-8354-6DFC64368E33} = {57C1F883-7A7B-46F3-A51E-D9497ADEA419}
		{02937498-50A0-46FE-963D-7B5ABB8E26C1} = {D79A9DF7-7279-42CD-B160-B0DBC6BA6D8C}
		{DC2325E1-639F-4721-96EF-A702E92DA203} = {EB6D4749-5879-42EE-B25A-90DAEED8386C}
	EndGlobalSection
EndGlobal
